
Microsoft Visual Studio Solution File, Format Version 12.00
# Visual Studio Version 17
VisualStudioVersion = 17.13.35806.99 d17.13
MinimumVisualStudioVersion = 10.0.40219.1
Project("{FAE04EC0-301F-11D3-BF4B-00C04F79EFBC}") = "EjempliApi", "EjempliApi\EjempliApi.csproj", "{2B9940DF-7A9B-4B37-8BE0-3BC2C319B9F6}"
EndProject
Global
	GlobalSection(SolutionConfigurationPlatforms) = preSolution
		Debug|Any CPU = Debug|Any CPU
		Release|Any CPU = Release|Any CPU
	EndGlobalSection
	GlobalSection(ProjectConfigurationPlatforms) = postSolution
		{2B9940DF-7A9B-4B37-8BE0-3BC2C319B9F6}.Debug|Any CPU.ActiveCfg = Debug|Any CPU
		{2B9940DF-7A9B-4B37-8BE0-3BC2C319B9F6}.Debug|Any CPU.Build.0 = Debug|Any CPU
		{2B9940DF-7A9B-4B37-8BE0-3BC2C319B9F6}.Release|Any CPU.ActiveCfg = Release|Any CPU
		{2B9940DF-7A9B-4B37-8BE0-3BC2C319B9F6}.Release|Any CPU.Build.0 = Release|Any CPU
	EndGlobalSection
	GlobalSection(SolutionProperties) = preSolution
		HideSolutionNode = FALSE
	EndGlobalSection
	GlobalSection(ExtensibilityGlobals) = postSolution
		SolutionGuid = {BA2F38FD-0EE7-4F84-870C-B01605FB7C8B}
	EndGlobalSection
EndGlobal
